
Microsoft Visual Studio Solution File, Format Version 12.00
# Visual Studio 15
VisualStudioVersion = 15.0.27004.2005
MinimumVisualStudioVersion = 10.0.40219.1
Project("{FAE04EC0-301F-11D3-BF4B-00C04F79EFBC}") = "Generics2", "Generics2\Generics2.csproj", "{D74F68D5-97EA-46A7-BFF6-E321EB4770BF}"
EndProject
Project("{FAE04EC0-301F-11D3-BF4B-00C04F79EFBC}") = "TestGenerics", "TestGenerics\TestGenerics.csproj", "{636D9E93-BB67-4311-8689-0B202C780591}"
EndProject
Global
	GlobalSection(SolutionConfigurationPlatforms) = preSolution
		Debug|Any CPU = Debug|Any CPU
		Release|Any CPU = Release|Any CPU
	EndGlobalSection
	GlobalSection(ProjectConfigurationPlatforms) = postSolution
		{D74F68D5-97EA-46A7-BFF6-E321EB4770BF}.Debug|Any CPU.ActiveCfg = Debug|Any CPU
		{D74F68D5-97EA-46A7-BFF6-E321EB4770BF}.Debug|Any CPU.Build.0 = Debug|Any CPU
		{D74F68D5-97EA-46A7-BFF6-E321EB4770BF}.Release|Any CPU.ActiveCfg = Release|Any CPU
		{D74F68D5-97EA-46A7-BFF6-E321EB4770BF}.Release|Any CPU.Build.0 = Release|Any CPU
		{636D9E93-BB67-4311-8689-0B202C780591}.Debug|Any CPU.ActiveCfg = Debug|Any CPU
		{636D9E93-BB67-4311-8689-0B202C780591}.Debug|Any CPU.Build.0 = Debug|Any CPU
		{636D9E93-BB67-4311-8689-0B202C780591}.Release|Any CPU.ActiveCfg = Release|Any CPU
		{636D9E93-BB67-4311-8689-0B202C780591}.Release|Any CPU.Build.0 = Release|Any CPU
	EndGlobalSection
	GlobalSection(SolutionProperties) = preSolution
		HideSolutionNode = FALSE
	EndGlobalSection
	GlobalSection(ExtensibilityGlobals) = postSolution
		SolutionGuid = {DBA6892B-B5E3-4D82-A1F2-1AEA7B425305}
	EndGlobalSection
EndGlobal
